
Microsoft Visual Studio Solution File, Format Version 12.00
# Visual Studio Version 16
VisualStudioVersion = 16.0.32228.343
MinimumVisualStudioVersion = 10.0.40219.1
Project("{FAE04EC0-301F-11D3-BF4B-00C04F79EFBC}") = "Big_School_LTP_2603", "Big_School_LTP_2603\Big_School_LTP_2603.csproj", "{4DA16FDB-3B83-4921-9C73-199E35B4AB3E}"
EndProject
Global
	GlobalSection(SolutionConfigurationPlatforms) = preSolution
		Debug|Any CPU = Debug|Any CPU
		Release|Any CPU = Release|Any CPU
	EndGlobalSection
	GlobalSection(ProjectConfigurationPlatforms) = postSolution
		{4DA16FDB-3B83-4921-9C73-199E35B4AB3E}.Debug|Any CPU.ActiveCfg = Debug|Any CPU
		{4DA16FDB-3B83-4921-9C73-199E35B4AB3E}.Debug|Any CPU.Build.0 = Debug|Any CPU
		{4DA16FDB-3B83-4921-9C73-199E35B4AB3E}.Release|Any CPU.ActiveCfg = Release|Any CPU
		{4DA16FDB-3B83-4921-9C73-199E35B4AB3E}.Release|Any CPU.Build.0 = Release|Any CPU
	EndGlobalSection
	GlobalSection(SolutionProperties) = preSolution
		HideSolutionNode = FALSE
	EndGlobalSection
	GlobalSection(ExtensibilityGlobals) = postSolution
		SolutionGuid = {E10D9768-6EC1-4A8B-9084-7FFAE4CBA466}
	EndGlobalSection
EndGlobal
